
Microsoft Visual Studio Solution File, Format Version 12.00
# Visual Studio 15
VisualStudioVersion = 15.0.28010.2003
MinimumVisualStudioVersion = 10.0.40219.1
Project("{FAE04EC0-301F-11D3-BF4B-00C04F79EFBC}") = "AzureExamples", "AzureExamples\AzureExamples.csproj", "{84077998-BFD0-4D43-9E1B-10162E4E6942}"
EndProject
Project("{FAE04EC0-301F-11D3-BF4B-00C04F79EFBC}") = "StoageQue", "StoageQue\StoageQue.csproj", "{7378909B-7E05-4379-B7C6-14360E369B9F}"
EndProject
Project("{FAE04EC0-301F-11D3-BF4B-00C04F79EFBC}") = "StorageBlob", "StorageBlob\StorageBlob.csproj", "{B45AB3E0-AB07-4268-AB79-F13ED82E32A6}"
EndProject
Project("{FAE04EC0-301F-11D3-BF4B-00C04F79EFBC}") = "StorageTable", "StorageTable\StorageTable.csproj", "{5F2D5BC1-1FD8-4617-BE0A-EB5FCC2AE95F}"
EndProject
Project("{FAE04EC0-301F-11D3-BF4B-00C04F79EFBC}") = "ServiceBusQue", "ServiceBusQue\ServiceBusQue.csproj", "{1E351B76-4865-4B41-97A3-00E0EF384B0C}"
EndProject
Project("{FAE04EC0-301F-11D3-BF4B-00C04F79EFBC}") = "ServiceBusTopic", "ServiceBusTopic\ServiceBusTopic.csproj", "{3840592C-EB51-4B0B-9555-FD05FF8E8812}"
EndProject
Project("{FAE04EC0-301F-11D3-BF4B-00C04F79EFBC}") = "StorageFiles", "StorageFiles\StorageFiles.csproj", "{B72405B6-3752-41B2-ABB6-FA99F4EED4D7}"
EndProject
Project("{FAE04EC0-301F-11D3-BF4B-00C04F79EFBC}") = "AzureSQL", "AzureSQL\AzureSQL.csproj", "{2D2D376B-59F0-4DAE-ABEE-C504B8D02980}"
EndProject
Project("{FAE04EC0-301F-11D3-BF4B-00C04F79EFBC}") = "Webjob", "Webjob\Webjob.csproj", "{7411A87B-EB9A-4506-81CC-FBDD4D56F2A2}"
EndProject
Project("{FAE04EC0-301F-11D3-BF4B-00C04F79EFBC}") = "KeyVault", "KeyVault\KeyVault.csproj", "{3FD0E866-9DCC-4154-B85D-70711307370D}"
EndProject
Global
	GlobalSection(SolutionConfigurationPlatforms) = preSolution
		Debug|Any CPU = Debug|Any CPU
		Release|Any CPU = Release|Any CPU
	EndGlobalSection
	GlobalSection(ProjectConfigurationPlatforms) = postSolution
		{84077998-BFD0-4D43-9E1B-10162E4E6942}.Debug|Any CPU.ActiveCfg = Debug|Any CPU
		{84077998-BFD0-4D43-9E1B-10162E4E6942}.Debug|Any CPU.Build.0 = Debug|Any CPU
		{84077998-BFD0-4D43-9E1B-10162E4E6942}.Release|Any CPU.ActiveCfg = Release|Any CPU
		{84077998-BFD0-4D43-9E1B-10162E4E6942}.Release|Any CPU.Build.0 = Release|Any CPU
		{7378909B-7E05-4379-B7C6-14360E369B9F}.Debug|Any CPU.ActiveCfg = Debug|Any CPU
		{7378909B-7E05-4379-B7C6-14360E369B9F}.Debug|Any CPU.Build.0 = Debug|Any CPU
		{7378909B-7E05-4379-B7C6-14360E369B9F}.Release|Any CPU.ActiveCfg = Release|Any CPU
		{7378909B-7E05-4379-B7C6-14360E369B9F}.Release|Any CPU.Build.0 = Release|Any CPU
		{B45AB3E0-AB07-4268-AB79-F13ED82E32A6}.Debug|Any CPU.ActiveCfg = Debug|Any CPU
		{B45AB3E0-AB07-4268-AB79-F13ED82E32A6}.Debug|Any CPU.Build.0 = Debug|Any CPU
		{B45AB3E0-AB07-4268-AB79-F13ED82E32A6}.Release|Any CPU.ActiveCfg = Release|Any CPU
		{B45AB3E0-AB07-4268-AB79-F13ED82E32A6}.Release|Any CPU.Build.0 = Release|Any CPU
		{5F2D5BC1-1FD8-4617-BE0A-EB5FCC2AE95F}.Debug|Any CPU.ActiveCfg = Debug|Any CPU
		{5F2D5BC1-1FD8-4617-BE0A-EB5FCC2AE95F}.Debug|Any CPU.Build.0 = Debug|Any CPU
		{5F2D5BC1-1FD8-4617-BE0A-EB5FCC2AE95F}.Release|Any CPU.ActiveCfg = Release|Any CPU
		{5F2D5BC1-1FD8-4617-BE0A-EB5FCC2AE95F}.Release|Any CPU.Build.0 = Release|Any CPU
		{1E351B76-4865-4B41-97A3-00E0EF384B0C}.Debug|Any CPU.ActiveCfg = Debug|Any CPU
		{1E351B76-4865-4B41-97A3-00E0EF384B0C}.Debug|Any CPU.Build.0 = Debug|Any CPU
		{1E351B76-4865-4B41-97A3-00E0EF384B0C}.Release|Any CPU.ActiveCfg = Release|Any CPU
		{1E351B76-4865-4B41-97A3-00E0EF384B0C}.Release|Any CPU.Build.0 = Release|Any CPU
		{3840592C-EB51-4B0B-9555-FD05FF8E8812}.Debug|Any CPU.ActiveCfg = Debug|Any CPU
		{3840592C-EB51-4B0B-9555-FD05FF8E8812}.Debug|Any CPU.Build.0 = Debug|Any CPU
		{3840592C-EB51-4B0B-9555-FD05FF8E8812}.Release|Any CPU.ActiveCfg = Release|Any CPU
		{3840592C-EB51-4B0B-9555-FD05FF8E8812}.Release|Any CPU.Build.0 = Release|Any CPU
		{B72405B6-3752-41B2-ABB6-FA99F4EED4D7}.Debug|Any CPU.ActiveCfg = Debug|Any CPU
		{B72405B6-3752-41B2-ABB6-FA99F4EED4D7}.Debug|Any CPU.Build.0 = Debug|Any CPU
		{B72405B6-3752-41B2-ABB6-FA99F4EED4D7}.Release|Any CPU.ActiveCfg = Release|Any CPU
		{B72405B6-3752-41B2-ABB6-FA99F4EED4D7}.Release|Any CPU.Build.0 = Release|Any CPU
		{2D2D376B-59F0-4DAE-ABEE-C504B8D02980}.Debug|Any CPU.ActiveCfg = Debug|Any CPU
		{2D2D376B-59F0-4DAE-ABEE-C504B8D02980}.Debug|Any CPU.Build.0 = Debug|Any CPU
		{2D2D376B-59F0-4DAE-ABEE-C504B8D02980}.Release|Any CPU.ActiveCfg = Release|Any CPU
		{2D2D376B-59F0-4DAE-ABEE-C504B8D02980}.Release|Any CPU.Build.0 = Release|Any CPU
		{7411A87B-EB9A-4506-81CC-FBDD4D56F2A2}.Debug|Any CPU.ActiveCfg = Debug|Any CPU
		{7411A87B-EB9A-4506-81CC-FBDD4D56F2A2}.Debug|Any CPU.Build.0 = Debug|Any CPU
		{7411A87B-EB9A-4506-81CC-FBDD4D56F2A2}.Release|Any CPU.ActiveCfg = Release|Any CPU
		{7411A87B-EB9A-4506-81CC-FBDD4D56F2A2}.Release|Any CPU.Build.0 = Release|Any CPU
		{3FD0E866-9DCC-4154-B85D-70711307370D}.Debug|Any CPU.ActiveCfg = Debug|Any CPU
		{3FD0E866-9DCC-4154-B85D-70711307370D}.Debug|Any CPU.Build.0 = Debug|Any CPU
		{3FD0E866-9DCC-4154-B85D-70711307370D}.Release|Any CPU.ActiveCfg = Release|Any CPU
		{3FD0E866-9DCC-4154-B85D-70711307370D}.Release|Any CPU.Build.0 = Release|Any CPU
	EndGlobalSection
	GlobalSection(SolutionProperties) = preSolution
		HideSolutionNode = FALSE
	EndGlobalSection
	GlobalSection(ExtensibilityGlobals) = postSolution
		SolutionGuid = {98E0EA41-615D-4A41-A3E2-2966A3EC1453}
	EndGlobalSection
EndGlobal
